
Microsoft Visual Studio Solution File, Format Version 12.00
# Visual Studio 15
VisualStudioVersion = 15.0.28307.757
MinimumVisualStudioVersion = 10.0.40219.1
Project("{FAE04EC0-301F-11D3-BF4B-00C04F79EFBC}") = "Calculator", "Calculator\Calculator.csproj", "{3937E0E2-6FE1-485B-A8A3-E8E94106C80E}"
EndProject
Global
	GlobalSection(SolutionConfigurationPlatforms) = preSolution
		Debug|Any CPU = Debug|Any CPU
		Release|Any CPU = Release|Any CPU
	EndGlobalSection
	GlobalSection(ProjectConfigurationPlatforms) = postSolution
		{3937E0E2-6FE1-485B-A8A3-E8E94106C80E}.Debug|Any CPU.ActiveCfg = Debug|Any CPU
		{3937E0E2-6FE1-485B-A8A3-E8E94106C80E}.Debug|Any CPU.Build.0 = Debug|Any CPU
		{3937E0E2-6FE1-485B-A8A3-E8E94106C80E}.Release|Any CPU.ActiveCfg = Release|Any CPU
		{3937E0E2-6FE1-485B-A8A3-E8E94106C80E}.Release|Any CPU.Build.0 = Release|Any CPU
	EndGlobalSection
	GlobalSection(SolutionProperties) = preSolution
		HideSolutionNode = FALSE
	EndGlobalSection
	GlobalSection(ExtensibilityGlobals) = postSolution
		SolutionGuid = {85F4FD2A-8A36-4DD6-8E28-5F861E3E8898}
	EndGlobalSection
EndGlobal
